
Microsoft Visual Studio Solution File, Format Version 12.00
# Visual Studio Version 17
VisualStudioVersion = 17.6.33815.320
MinimumVisualStudioVersion = 10.0.40219.1
Project("{8BC9CEB8-8B4A-11D0-8D11-00A0C91BC942}") = "vision", "include\vision\vision.vcxproj", "{A7D2BD60-02B7-4C55-AE00-6DF5D690A37A}"
EndProject
Project("{8BC9CEB8-8B4A-11D0-8D11-00A0C91BC942}") = "optical_design", "include\optical_design\OpticalDesigned.vcxproj", "{D1FB4CF3-90E1-4C30-AD22-DB23A23162BE}"
EndProject
Project("{8BC9CEB8-8B4A-11D0-8D11-00A0C91BC942}") = "windows", "windows\windows.vcxproj", "{19B8F32F-1597-4123-82D5-543ACE30846C}"
EndProject
Project("{8BC9CEB8-8B4A-11D0-8D11-00A0C91BC942}") = "linux", "linux\linux.vcxproj", "{4F2EFABA-BC76-44D1-87B2-15CB62685524}"
EndProject
Global
	GlobalSection(SolutionConfigurationPlatforms) = preSolution
		Debug|ARM = Debug|ARM
		Debug|ARM64 = Debug|ARM64
		Debug|x64 = Debug|x64
		Debug|x86 = Debug|x86
		Release|ARM = Release|ARM
		Release|ARM64 = Release|ARM64
		Release|x64 = Release|x64
		Release|x86 = Release|x86
	EndGlobalSection
	GlobalSection(ProjectConfigurationPlatforms) = postSolution
		{A7D2BD60-02B7-4C55-AE00-6DF5D690A37A}.Debug|ARM.ActiveCfg = Debug|x64
		{A7D2BD60-02B7-4C55-AE00-6DF5D690A37A}.Debug|ARM.Build.0 = Debug|x64
		{A7D2BD60-02B7-4C55-AE00-6DF5D690A37A}.Debug|ARM64.ActiveCfg = Debug|x64
		{A7D2BD60-02B7-4C55-AE00-6DF5D690A37A}.Debug|ARM64.Build.0 = Debug|x64
		{A7D2BD60-02B7-4C55-AE00-6DF5D690A37A}.Debug|x64.ActiveCfg = Debug|x64
		{A7D2BD60-02B7-4C55-AE00-6DF5D690A37A}.Debug|x64.Build.0 = Debug|x64
		{A7D2BD60-02B7-4C55-AE00-6DF5D690A37A}.Debug|x86.ActiveCfg = Debug|Win32
		{A7D2BD60-02B7-4C55-AE00-6DF5D690A37A}.Debug|x86.Build.0 = Debug|Win32
		{A7D2BD60-02B7-4C55-AE00-6DF5D690A37A}.Release|ARM.ActiveCfg = Release|x64
		{A7D2BD60-02B7-4C55-AE00-6DF5D690A37A}.Release|ARM.Build.0 = Release|x64
		{A7D2BD60-02B7-4C55-AE00-6DF5D690A37A}.Release|ARM64.ActiveCfg = Release|x64
		{A7D2BD60-02B7-4C55-AE00-6DF5D690A37A}.Release|ARM64.Build.0 = Release|x64
		{A7D2BD60-02B7-4C55-AE00-6DF5D690A37A}.Release|x64.ActiveCfg = Release|x64
		{A7D2BD60-02B7-4C55-AE00-6DF5D690A37A}.Release|x64.Build.0 = Release|x64
		{A7D2BD60-02B7-4C55-AE00-6DF5D690A37A}.Release|x86.ActiveCfg = Release|Win32
		{A7D2BD60-02B7-4C55-AE00-6DF5D690A37A}.Release|x86.Build.0 = Release|Win32
		{D1FB4CF3-90E1-4C30-AD22-DB23A23162BE}.Debug|ARM.ActiveCfg = Debug|x64
		{D1FB4CF3-90E1-4C30-AD22-DB23A23162BE}.Debug|ARM.Build.0 = Debug|x64
		{D1FB4CF3-90E1-4C30-AD22-DB23A23162BE}.Debug|ARM64.ActiveCfg = Debug|x64
		{D1FB4CF3-90E1-4C30-AD22-DB23A23162BE}.Debug|ARM64.Build.0 = Debug|x64
		{D1FB4CF3-90E1-4C30-AD22-DB23A23162BE}.Debug|x64.ActiveCfg = Debug|x64
		{D1FB4CF3-90E1-4C30-AD22-DB23A23162BE}.Debug|x64.Build.0 = Debug|x64
		{D1FB4CF3-90E1-4C30-AD22-DB23A23162BE}.Debug|x86.ActiveCfg = Debug|Win32
		{D1FB4CF3-90E1-4C30-AD22-DB23A23162BE}.Debug|x86.Build.0 = Debug|Win32
		{D1FB4CF3-90E1-4C30-AD22-DB23A23162BE}.Release|ARM.ActiveCfg = Release|x64
		{D1FB4CF3-90E1-4C30-AD22-DB23A23162BE}.Release|ARM.Build.0 = Release|x64
		{D1FB4CF3-90E1-4C30-AD22-DB23A23162BE}.Release|ARM64.ActiveCfg = Release|x64
		{D1FB4CF3-90E1-4C30-AD22-DB23A23162BE}.Release|ARM64.Build.0 = Release|x64
		{D1FB4CF3-90E1-4C30-AD22-DB23A23162BE}.Release|x64.ActiveCfg = Release|x64
		{D1FB4CF3-90E1-4C30-AD22-DB23A23162BE}.Release|x64.Build.0 = Release|x64
		{D1FB4CF3-90E1-4C30-AD22-DB23A23162BE}.Release|x86.ActiveCfg = Release|Win32
		{D1FB4CF3-90E1-4C30-AD22-DB23A23162BE}.Release|x86.Build.0 = Release|Win32
		{19B8F32F-1597-4123-82D5-543ACE30846C}.Debug|ARM.ActiveCfg = Debug|x64
		{19B8F32F-1597-4123-82D5-543ACE30846C}.Debug|ARM.Build.0 = Debug|x64
		{19B8F32F-1597-4123-82D5-543ACE30846C}.Debug|ARM64.ActiveCfg = Debug|x64
		{19B8F32F-1597-4123-82D5-543ACE30846C}.Debug|ARM64.Build.0 = Debug|x64
		{19B8F32F-1597-4123-82D5-543ACE30846C}.Debug|x64.ActiveCfg = Debug|x64
		{19B8F32F-1597-4123-82D5-543ACE30846C}.Debug|x64.Build.0 = Debug|x64
		{19B8F32F-1597-4123-82D5-543ACE30846C}.Debug|x86.ActiveCfg = Debug|Win32
		{19B8F32F-1597-4123-82D5-543ACE30846C}.Debug|x86.Build.0 = Debug|Win32
		{19B8F32F-1597-4123-82D5-543ACE30846C}.Release|ARM.ActiveCfg = Release|x64
		{19B8F32F-1597-4123-82D5-543ACE30846C}.Release|ARM.Build.0 = Release|x64
		{19B8F32F-1597-4123-82D5-543ACE30846C}.Release|ARM64.ActiveCfg = Release|x64
		{19B8F32F-1597-4123-82D5-543ACE30846C}.Release|ARM64.Build.0 = Release|x64
		{19B8F32F-1597-4123-82D5-543ACE30846C}.Release|x64.ActiveCfg = Release|x64
		{19B8F32F-1597-4123-82D5-543ACE30846C}.Release|x64.Build.0 = Release|x64
		{19B8F32F-1597-4123-82D5-543ACE30846C}.Release|x86.ActiveCfg = Release|Win32
		{19B8F32F-1597-4123-82D5-543ACE30846C}.Release|x86.Build.0 = Release|Win32
		{4F2EFABA-BC76-44D1-87B2-15CB62685524}.Debug|ARM.ActiveCfg = Debug|ARM
		{4F2EFABA-BC76-44D1-87B2-15CB62685524}.Debug|ARM.Build.0 = Debug|ARM
		{4F2EFABA-BC76-44D1-87B2-15CB62685524}.Debug|ARM.Deploy.0 = Debug|ARM
		{4F2EFABA-BC76-44D1-87B2-15CB62685524}.Debug|ARM64.ActiveCfg = Debug|ARM64
		{4F2EFABA-BC76-44D1-87B2-15CB62685524}.Debug|ARM64.Build.0 = Debug|ARM64
		{4F2EFABA-BC76-44D1-87B2-15CB62685524}.Debug|ARM64.Deploy.0 = Debug|ARM64
		{4F2EFABA-BC76-44D1-87B2-15CB62685524}.Debug|x64.ActiveCfg = Debug|x64
		{4F2EFABA-BC76-44D1-87B2-15CB62685524}.Debug|x64.Build.0 = Debug|x64
		{4F2EFABA-BC76-44D1-87B2-15CB62685524}.Debug|x64.Deploy.0 = Debug|x64
		{4F2EFABA-BC76-44D1-87B2-15CB62685524}.Debug|x86.ActiveCfg = Debug|x86
		{4F2EFABA-BC76-44D1-87B2-15CB62685524}.Debug|x86.Build.0 = Debug|x86
		{4F2EFABA-BC76-44D1-87B2-15CB62685524}.Debug|x86.Deploy.0 = Debug|x86
		{4F2EFABA-BC76-44D1-87B2-15CB62685524}.Release|ARM.ActiveCfg = Release|ARM
		{4F2EFABA-BC76-44D1-87B2-15CB62685524}.Release|ARM.Build.0 = Release|ARM
		{4F2EFABA-BC76-44D1-87B2-15CB62685524}.Release|ARM.Deploy.0 = Release|ARM
		{4F2EFABA-BC76-44D1-87B2-15CB62685524}.Release|ARM64.ActiveCfg = Release|ARM64
		{4F2EFABA-BC76-44D1-87B2-15CB62685524}.Release|ARM64.Build.0 = Release|ARM64
		{4F2EFABA-BC76-44D1-87B2-15CB62685524}.Release|ARM64.Deploy.0 = Release|ARM64
		{4F2EFABA-BC76-44D1-87B2-15CB62685524}.Release|x64.ActiveCfg = Release|x64
		{4F2EFABA-BC76-44D1-87B2-15CB62685524}.Release|x64.Build.0 = Release|x64
		{4F2EFABA-BC76-44D1-87B2-15CB62685524}.Release|x64.Deploy.0 = Release|x64
		{4F2EFABA-BC76-44D1-87B2-15CB62685524}.Release|x86.ActiveCfg = Release|x86
		{4F2EFABA-BC76-44D1-87B2-15CB62685524}.Release|x86.Build.0 = Release|x86
		{4F2EFABA-BC76-44D1-87B2-15CB62685524}.Release|x86.Deploy.0 = Release|x86
	EndGlobalSection
	GlobalSection(SolutionProperties) = preSolution
		HideSolutionNode = FALSE
	EndGlobalSection
	GlobalSection(ExtensibilityGlobals) = postSolution
		SolutionGuid = {6F1AA79A-2AE1-46DA-9656-37A69200DC31}
	EndGlobalSection
EndGlobal
